
Microsoft Visual Studio Solution File, Format Version 12.00
# Visual Studio Version 17
VisualStudioVersion = 17.4.33213.308
MinimumVisualStudioVersion = 10.0.40219.1
Project("{FAE04EC0-301F-11D3-BF4B-00C04F79EFBC}") = "Authentification", "Authentification\Authentification.csproj", "{A689C385-E5F4-4A8F-A6F4-F1820045C488}"
EndProject
Global
	GlobalSection(SolutionConfigurationPlatforms) = preSolution
		Debug|Any CPU = Debug|Any CPU
		Release|Any CPU = Release|Any CPU
	EndGlobalSection
	GlobalSection(ProjectConfigurationPlatforms) = postSolution
		{A689C385-E5F4-4A8F-A6F4-F1820045C488}.Debug|Any CPU.ActiveCfg = Debug|Any CPU
		{A689C385-E5F4-4A8F-A6F4-F1820045C488}.Debug|Any CPU.Build.0 = Debug|Any CPU
		{A689C385-E5F4-4A8F-A6F4-F1820045C488}.Release|Any CPU.ActiveCfg = Release|Any CPU
		{A689C385-E5F4-4A8F-A6F4-F1820045C488}.Release|Any CPU.Build.0 = Release|Any CPU
	EndGlobalSection
	GlobalSection(SolutionProperties) = preSolution
		HideSolutionNode = FALSE
	EndGlobalSection
	GlobalSection(ExtensibilityGlobals) = postSolution
		SolutionGuid = {306E7490-456A-40E2-AF50-28BCC65D9ED1}
	EndGlobalSection
EndGlobal
